
Microsoft Visual Studio Solution File, Format Version 12.00
# Visual Studio Version 16
VisualStudioVersion = 16.0.29326.143
MinimumVisualStudioVersion = 10.0.40219.1
Project("{FAE04EC0-301F-11D3-BF4B-00C04F79EFBC}") = "xamspeedtest.Android", "xamspeedtest.Android\xamspeedtest.Android.csproj", "{FAECBF8E-656B-4519-8BB9-F8FB1677F952}"
EndProject
Project("{FAE04EC0-301F-11D3-BF4B-00C04F79EFBC}") = "xamspeedtest", "xamspeedtest\xamspeedtest.csproj", "{F044E0AB-8F20-4B87-8FCF-275ED8702641}"
EndProject
Global
	GlobalSection(SolutionConfigurationPlatforms) = preSolution
		Debug|Any CPU = Debug|Any CPU
		Release|Any CPU = Release|Any CPU
	EndGlobalSection
	GlobalSection(ProjectConfigurationPlatforms) = postSolution
		{FAECBF8E-656B-4519-8BB9-F8FB1677F952}.Debug|Any CPU.ActiveCfg = Debug|Any CPU
		{FAECBF8E-656B-4519-8BB9-F8FB1677F952}.Debug|Any CPU.Build.0 = Debug|Any CPU
		{FAECBF8E-656B-4519-8BB9-F8FB1677F952}.Debug|Any CPU.Deploy.0 = Debug|Any CPU
		{FAECBF8E-656B-4519-8BB9-F8FB1677F952}.Release|Any CPU.ActiveCfg = Release|Any CPU
		{FAECBF8E-656B-4519-8BB9-F8FB1677F952}.Release|Any CPU.Build.0 = Release|Any CPU
		{FAECBF8E-656B-4519-8BB9-F8FB1677F952}.Release|Any CPU.Deploy.0 = Release|Any CPU
		{F044E0AB-8F20-4B87-8FCF-275ED8702641}.Debug|Any CPU.ActiveCfg = Debug|Any CPU
		{F044E0AB-8F20-4B87-8FCF-275ED8702641}.Debug|Any CPU.Build.0 = Debug|Any CPU
		{F044E0AB-8F20-4B87-8FCF-275ED8702641}.Debug|Any CPU.Deploy.0 = Debug|Any CPU
		{F044E0AB-8F20-4B87-8FCF-275ED8702641}.Release|Any CPU.ActiveCfg = Release|Any CPU
		{F044E0AB-8F20-4B87-8FCF-275ED8702641}.Release|Any CPU.Build.0 = Release|Any CPU
		{F044E0AB-8F20-4B87-8FCF-275ED8702641}.Release|Any CPU.Deploy.0 = Release|Any CPU
	EndGlobalSection
	GlobalSection(SolutionProperties) = preSolution
		HideSolutionNode = FALSE
	EndGlobalSection
	GlobalSection(ExtensibilityGlobals) = postSolution
		SolutionGuid = {478DB429-C07E-4EB3-945A-56B1C3BCA4F2}
	EndGlobalSection
EndGlobal
