
Microsoft Visual Studio Solution File, Format Version 12.00
# Visual Studio Version 16
VisualStudioVersion = 16.0.29324.140
MinimumVisualStudioVersion = 10.0.40219.1
Project("{FAE04EC0-301F-11D3-BF4B-00C04F79EFBC}") = "XamSpeedTestShell.Android", "XamSpeedTestShell.Android\XamSpeedTestShell.Android.csproj", "{F24BFCC4-8C4D-4A55-BF15-D713C79DE4A0}"
EndProject
Project("{FAE04EC0-301F-11D3-BF4B-00C04F79EFBC}") = "XamSpeedTestShell", "XamSpeedTestShell\XamSpeedTestShell.csproj", "{AF0BA82A-800B-4A39-97DE-C42DF556E725}"
EndProject
Global
	GlobalSection(SolutionConfigurationPlatforms) = preSolution
		Debug|Any CPU = Debug|Any CPU
		Release|Any CPU = Release|Any CPU
	EndGlobalSection
	GlobalSection(ProjectConfigurationPlatforms) = postSolution
		{F24BFCC4-8C4D-4A55-BF15-D713C79DE4A0}.Debug|Any CPU.ActiveCfg = Debug|Any CPU
		{F24BFCC4-8C4D-4A55-BF15-D713C79DE4A0}.Debug|Any CPU.Build.0 = Debug|Any CPU
		{F24BFCC4-8C4D-4A55-BF15-D713C79DE4A0}.Debug|Any CPU.Deploy.0 = Debug|Any CPU
		{F24BFCC4-8C4D-4A55-BF15-D713C79DE4A0}.Release|Any CPU.ActiveCfg = Release|Any CPU
		{F24BFCC4-8C4D-4A55-BF15-D713C79DE4A0}.Release|Any CPU.Build.0 = Release|Any CPU
		{F24BFCC4-8C4D-4A55-BF15-D713C79DE4A0}.Release|Any CPU.Deploy.0 = Release|Any CPU
		{AF0BA82A-800B-4A39-97DE-C42DF556E725}.Debug|Any CPU.ActiveCfg = Debug|Any CPU
		{AF0BA82A-800B-4A39-97DE-C42DF556E725}.Debug|Any CPU.Build.0 = Debug|Any CPU
		{AF0BA82A-800B-4A39-97DE-C42DF556E725}.Debug|Any CPU.Deploy.0 = Debug|Any CPU
		{AF0BA82A-800B-4A39-97DE-C42DF556E725}.Release|Any CPU.ActiveCfg = Release|Any CPU
		{AF0BA82A-800B-4A39-97DE-C42DF556E725}.Release|Any CPU.Build.0 = Release|Any CPU
		{AF0BA82A-800B-4A39-97DE-C42DF556E725}.Release|Any CPU.Deploy.0 = Release|Any CPU
	EndGlobalSection
	GlobalSection(SolutionProperties) = preSolution
		HideSolutionNode = FALSE
	EndGlobalSection
	GlobalSection(ExtensibilityGlobals) = postSolution
		SolutionGuid = {ABE3AFAB-9F4D-4A2B-B501-112E8CFF2594}
	EndGlobalSection
EndGlobal
